{
  "name": "3d-piano",
  "lockfileVersion": 2,
  "requires": true,
  "packages": {
    "": {
      "dependencies": {
        "howler": "^2.2.3",
        "three": "^0.144.0",
        "three.js": "^0.77.0"
      }
    },
    "node_modules/howler": {
      "version": "2.2.3",
      "resolved": "https://registry.npmjs.org/howler/-/howler-2.2.3.tgz",
      "integrity": "sha512-QM0FFkw0LRX1PR8pNzJVAY25JhIWvbKMBFM4gqk+QdV+kPXOhleWGCB6AiAF/goGjIHK2e/nIElplvjQwhr0jg=="
    },
    "node_modules/three": {
      "version": "0.144.0",
      "resolved": "https://registry.npmjs.org/three/-/three-0.144.0.tgz",
      "integrity": "sha512-R8AXPuqfjfRJKkYoTQcTK7A6i3AdO9++2n8ubya/GTU+fEHhYKu1ZooRSCPkx69jbnzT7dD/xEo6eROQTt2lJw=="
    },
    "node_modules/three.js": {
      "version": "0.77.0",
      "resolved": "https://registry.npmjs.org/three.js/-/three.js-0.77.0.tgz",
      "integrity": "sha512-ouSy18ZEiwz+aEsN5psLd7hftf08cyVw/zV1XFYjPhDDnUwIr+bEGryJAy6z3VbSJjuIQUbbM8FtWMZjGdqD+w=="
    }
  },
  "dependencies": {
    "howler": {
      "version": "2.2.3",
      "resolved": "https://registry.npmjs.org/howler/-/howler-2.2.3.tgz",
      "integrity": "sha512-QM0FFkw0LRX1PR8pNzJVAY25JhIWvbKMBFM4gqk+QdV+kPXOhleWGCB6AiAF/goGjIHK2e/nIElplvjQwhr0jg=="
    },
    "three": {
      "version": "0.144.0",
      "resolved": "https://registry.npmjs.org/three/-/three-0.144.0.tgz",
      "integrity": "sha512-R8AXPuqfjfRJKkYoTQcTK7A6i3AdO9++2n8ubya/GTU+fEHhYKu1ZooRSCPkx69jbnzT7dD/xEo6eROQTt2lJw=="
    },
    "three.js": {
      "version": "0.77.0",
      "resolved": "https://registry.npmjs.org/three.js/-/three.js-0.77.0.tgz",
      "integrity": "sha512-ouSy18ZEiwz+aEsN5psLd7hftf08cyVw/zV1XFYjPhDDnUwIr+bEGryJAy6z3VbSJjuIQUbbM8FtWMZjGdqD+w=="
    }
  }
}
